
Microsoft Visual Studio Solution File, Format Version 12.00
# Visual Studio 15
VisualStudioVersion = 15.0.28307.645
MinimumVisualStudioVersion = 10.0.40219.1
Project("{9A19103F-16F7-4668-BE54-9A1E7A4F7556}") = "Animal", "Animal\Animal.csproj", "{EE63CC3D-DBEF-4D5B-AF7F-B0BF170CC088}"
EndProject
Global
	GlobalSection(SolutionConfigurationPlatforms) = preSolution
		Debug|Any CPU = Debug|Any CPU
		Release|Any CPU = Release|Any CPU
	EndGlobalSection
	GlobalSection(ProjectConfigurationPlatforms) = postSolution
		{EE63CC3D-DBEF-4D5B-AF7F-B0BF170CC088}.Debug|Any CPU.ActiveCfg = Debug|Any CPU
		{EE63CC3D-DBEF-4D5B-AF7F-B0BF170CC088}.Debug|Any CPU.Build.0 = Debug|Any CPU
		{EE63CC3D-DBEF-4D5B-AF7F-B0BF170CC088}.Release|Any CPU.ActiveCfg = Release|Any CPU
		{EE63CC3D-DBEF-4D5B-AF7F-B0BF170CC088}.Release|Any CPU.Build.0 = Release|Any CPU
	EndGlobalSection
	GlobalSection(SolutionProperties) = preSolution
		HideSolutionNode = FALSE
	EndGlobalSection
	GlobalSection(ExtensibilityGlobals) = postSolution
		SolutionGuid = {5BA1FB17-5C48-4A0A-965B-63EE0BB472A0}
	EndGlobalSection
EndGlobal
